
Microsoft Visual Studio Solution File, Format Version 12.00
# Visual Studio Version 17
VisualStudioVersion = 17.8.34309.116
MinimumVisualStudioVersion = 10.0.40219.1
Project("{FAE04EC0-301F-11D3-BF4B-00C04F79EFBC}") = "Quản lý nhân viên", "Quản lý nhân viên.csproj", "{7DF7C9F4-169D-42FC-9480-96FA55D2DF10}"
EndProject
Global
	GlobalSection(SolutionConfigurationPlatforms) = preSolution
		Debug|Any CPU = Debug|Any CPU
		Release|Any CPU = Release|Any CPU
	EndGlobalSection
	GlobalSection(ProjectConfigurationPlatforms) = postSolution
		{7DF7C9F4-169D-42FC-9480-96FA55D2DF10}.Debug|Any CPU.ActiveCfg = Debug|Any CPU
		{7DF7C9F4-169D-42FC-9480-96FA55D2DF10}.Debug|Any CPU.Build.0 = Debug|Any CPU
		{7DF7C9F4-169D-42FC-9480-96FA55D2DF10}.Release|Any CPU.ActiveCfg = Release|Any CPU
		{7DF7C9F4-169D-42FC-9480-96FA55D2DF10}.Release|Any CPU.Build.0 = Release|Any CPU
	EndGlobalSection
	GlobalSection(SolutionProperties) = preSolution
		HideSolutionNode = FALSE
	EndGlobalSection
	GlobalSection(ExtensibilityGlobals) = postSolution
		SolutionGuid = {1F77F2CE-0CD6-49CD-8CBA-D99A6CDE899A}
	EndGlobalSection
EndGlobal
